
Microsoft Visual Studio Solution File, Format Version 12.00
# Visual Studio Version 16
VisualStudioVersion = 16.0.32106.194
MinimumVisualStudioVersion = 10.0.40219.1
Project("{FAE04EC0-301F-11D3-BF4B-00C04F79EFBC}") = "Entities", "Entities\Entities.csproj", "{8BF4133A-02BF-4A1B-B134-936E537FA3C0}"
EndProject
Project("{FAE04EC0-301F-11D3-BF4B-00C04F79EFBC}") = "DataAccess", "DataAccess\DataAccess.csproj", "{51D844E3-ADE2-485F-A91B-464411FF5348}"
EndProject
Project("{FAE04EC0-301F-11D3-BF4B-00C04F79EFBC}") = "Business", "Business\Business.csproj", "{4A9A39EB-0D35-42A6-844A-BA06F0A2F7E7}"
EndProject
Project("{FAE04EC0-301F-11D3-BF4B-00C04F79EFBC}") = "ConsoleUI", "ConsoleUI\ConsoleUI.csproj", "{F1D2FE6B-941C-4337-B48D-DA76949F648E}"
EndProject
Global
	GlobalSection(SolutionConfigurationPlatforms) = preSolution
		Debug|Any CPU = Debug|Any CPU
		Release|Any CPU = Release|Any CPU
	EndGlobalSection
	GlobalSection(ProjectConfigurationPlatforms) = postSolution
		{8BF4133A-02BF-4A1B-B134-936E537FA3C0}.Debug|Any CPU.ActiveCfg = Debug|Any CPU
		{8BF4133A-02BF-4A1B-B134-936E537FA3C0}.Debug|Any CPU.Build.0 = Debug|Any CPU
		{8BF4133A-02BF-4A1B-B134-936E537FA3C0}.Release|Any CPU.ActiveCfg = Release|Any CPU
		{8BF4133A-02BF-4A1B-B134-936E537FA3C0}.Release|Any CPU.Build.0 = Release|Any CPU
		{51D844E3-ADE2-485F-A91B-464411FF5348}.Debug|Any CPU.ActiveCfg = Debug|Any CPU
		{51D844E3-ADE2-485F-A91B-464411FF5348}.Debug|Any CPU.Build.0 = Debug|Any CPU
		{51D844E3-ADE2-485F-A91B-464411FF5348}.Release|Any CPU.ActiveCfg = Release|Any CPU
		{51D844E3-ADE2-485F-A91B-464411FF5348}.Release|Any CPU.Build.0 = Release|Any CPU
		{4A9A39EB-0D35-42A6-844A-BA06F0A2F7E7}.Debug|Any CPU.ActiveCfg = Debug|Any CPU
		{4A9A39EB-0D35-42A6-844A-BA06F0A2F7E7}.Debug|Any CPU.Build.0 = Debug|Any CPU
		{4A9A39EB-0D35-42A6-844A-BA06F0A2F7E7}.Release|Any CPU.ActiveCfg = Release|Any CPU
		{4A9A39EB-0D35-42A6-844A-BA06F0A2F7E7}.Release|Any CPU.Build.0 = Release|Any CPU
		{F1D2FE6B-941C-4337-B48D-DA76949F648E}.Debug|Any CPU.ActiveCfg = Debug|Any CPU
		{F1D2FE6B-941C-4337-B48D-DA76949F648E}.Debug|Any CPU.Build.0 = Debug|Any CPU
		{F1D2FE6B-941C-4337-B48D-DA76949F648E}.Release|Any CPU.ActiveCfg = Release|Any CPU
		{F1D2FE6B-941C-4337-B48D-DA76949F648E}.Release|Any CPU.Build.0 = Release|Any CPU
	EndGlobalSection
	GlobalSection(SolutionProperties) = preSolution
		HideSolutionNode = FALSE
	EndGlobalSection
	GlobalSection(ExtensibilityGlobals) = postSolution
		SolutionGuid = {0E9BD437-C03C-4490-921D-7CDF938B2029}
	EndGlobalSection
EndGlobal
